
Microsoft Visual Studio Solution File, Format Version 12.00
# Visual Studio Version 16
VisualStudioVersion = 16.0.31702.278
MinimumVisualStudioVersion = 10.0.40219.1
Project("{FAE04EC0-301F-11D3-BF4B-00C04F79EFBC}") = "Tarau_Bianca_Lab5", "Tarau_Bianca_Lab5.csproj", "{7DF8C303-E8F0-4E36-830C-9F5E769C3A0A}"
EndProject
Project("{FAE04EC0-301F-11D3-BF4B-00C04F79EFBC}") = "AutoLotModel", "..\AutoLotModel\AutoLotModel.csproj", "{875770FC-F682-471A-AE72-52A5BB8F60B8}"
EndProject
Global
	GlobalSection(SolutionConfigurationPlatforms) = preSolution
		Debug|Any CPU = Debug|Any CPU
		Release|Any CPU = Release|Any CPU
	EndGlobalSection
	GlobalSection(ProjectConfigurationPlatforms) = postSolution
		{7DF8C303-E8F0-4E36-830C-9F5E769C3A0A}.Debug|Any CPU.ActiveCfg = Debug|Any CPU
		{7DF8C303-E8F0-4E36-830C-9F5E769C3A0A}.Debug|Any CPU.Build.0 = Debug|Any CPU
		{7DF8C303-E8F0-4E36-830C-9F5E769C3A0A}.Release|Any CPU.ActiveCfg = Release|Any CPU
		{7DF8C303-E8F0-4E36-830C-9F5E769C3A0A}.Release|Any CPU.Build.0 = Release|Any CPU
		{875770FC-F682-471A-AE72-52A5BB8F60B8}.Debug|Any CPU.ActiveCfg = Debug|Any CPU
		{875770FC-F682-471A-AE72-52A5BB8F60B8}.Debug|Any CPU.Build.0 = Debug|Any CPU
		{875770FC-F682-471A-AE72-52A5BB8F60B8}.Release|Any CPU.ActiveCfg = Release|Any CPU
		{875770FC-F682-471A-AE72-52A5BB8F60B8}.Release|Any CPU.Build.0 = Release|Any CPU
	EndGlobalSection
	GlobalSection(SolutionProperties) = preSolution
		HideSolutionNode = FALSE
	EndGlobalSection
	GlobalSection(ExtensibilityGlobals) = postSolution
		SolutionGuid = {60A848B0-35DD-444D-BB38-BFD5E63809D3}
	EndGlobalSection
EndGlobal
